// !$*UTF8*$!
{
	archiveVersion = 1;
	classes = {
	};
	objectVersion = 56;
	objects = {

/* Begin PBXBuildFile section */
		F10241AC292E9792000A008B /* TutoAv.swift in Sources */ = {isa = PBXBuildFile; fileRef = F10241AB292E9792000A008B /* TutoAv.swift */; };
		F1208AF3290A8F3E00B11A13 /* TutoPDetailView.swift in Sources */ = {isa = PBXBuildFile; fileRef = F1208AF2290A8F3E00B11A13 /* TutoPDetailView.swift */; };
		F13138C32926724B0076D9F9 /* CreditView.swift in Sources */ = {isa = PBXBuildFile; fileRef = F13138C22926724B0076D9F9 /* CreditView.swift */; };
		F14DA8DD28FC56BD0011A411 /* Le_GuideApp.swift in Sources */ = {isa = PBXBuildFile; fileRef = F14DA8DC28FC56BD0011A411 /* Le_GuideApp.swift */; };
		F14DA8DF28FC56BD0011A411 /* ContentView.swift in Sources */ = {isa = PBXBuildFile; fileRef = F14DA8DE28FC56BD0011A411 /* ContentView.swift */; };
		F14DA8E128FC56BE0011A411 /* Assets.xcassets in Resources */ = {isa = PBXBuildFile; fileRef = F14DA8E028FC56BE0011A411 /* Assets.xcassets */; };
		F14DA8E428FC56BE0011A411 /* Preview Assets.xcassets in Resources */ = {isa = PBXBuildFile; fileRef = F14DA8E328FC56BE0011A411 /* Preview Assets.xcassets */; };
		F14DA8EB28FC5E010011A411 /* HomeView.swift in Sources */ = {isa = PBXBuildFile; fileRef = F14DA8EA28FC5E010011A411 /* HomeView.swift */; };
		F14DA8ED28FC5E230011A411 /* TutoView.swift in Sources */ = {isa = PBXBuildFile; fileRef = F14DA8EC28FC5E230011A411 /* TutoView.swift */; };
		F14DA8EF28FC5E4F0011A411 /* NewsView.swift in Sources */ = {isa = PBXBuildFile; fileRef = F14DA8EE28FC5E4F0011A411 /* NewsView.swift */; };
		F14DA8F128FC62620011A411 /* News.swift in Sources */ = {isa = PBXBuildFile; fileRef = F14DA8F028FC62620011A411 /* News.swift */; };
		F14DA8F328FC66750011A411 /* NewsDetailView.swift in Sources */ = {isa = PBXBuildFile; fileRef = F14DA8F228FC66750011A411 /* NewsDetailView.swift */; };
		F1822A452914073400260A8B /* Task.swift in Sources */ = {isa = PBXBuildFile; fileRef = F1822A442914073400260A8B /* Task.swift */; };
		F1822A502914204A00260A8B /* GroupsView.swift in Sources */ = {isa = PBXBuildFile; fileRef = F1822A4F2914204A00260A8B /* GroupsView.swift */; };
		F18444FD29028AF1008E3324 /* RessourceView.swift in Sources */ = {isa = PBXBuildFile; fileRef = F18444FC29028AF1008E3324 /* RessourceView.swift */; };
		F1B30ED0290E818600D6E70A /* TutoCSS.swift in Sources */ = {isa = PBXBuildFile; fileRef = F1B30ECF290E818600D6E70A /* TutoCSS.swift */; };
		F1B30ED2290E849900D6E70A /* TutoCSSDetailView.swift in Sources */ = {isa = PBXBuildFile; fileRef = F1B30ED1290E849900D6E70A /* TutoCSSDetailView.swift */; };
		F1B355DC29000910001EC206 /* TutoPhotoshop.swift in Sources */ = {isa = PBXBuildFile; fileRef = F1B355DB29000910001EC206 /* TutoPhotoshop.swift */; };
		F1B7AB45292E991300A2820A /* Home.swift in Sources */ = {isa = PBXBuildFile; fileRef = F1B7AB43292E991300A2820A /* Home.swift */; };
		F1B7AB46292E991300A2820A /* TaskModelView.swift in Sources */ = {isa = PBXBuildFile; fileRef = F1B7AB44292E991300A2820A /* TaskModelView.swift */; };
		F1B7AB6D292ED50500A2820A /* Network.swift in Sources */ = {isa = PBXBuildFile; fileRef = F1B7AB6C292ED50500A2820A /* Network.swift */; };
		F1B7AB6F292ED5AD00A2820A /* Edt.swift in Sources */ = {isa = PBXBuildFile; fileRef = F1B7AB6E292ED5AD00A2820A /* Edt.swift */; };
		F1D80238290EEC440013625E /* ContactView.swift in Sources */ = {isa = PBXBuildFile; fileRef = F1D80237290EEC440013625E /* ContactView.swift */; };
/* End PBXBuildFile section */

/* Begin PBXFileReference section */
		F10241AB292E9792000A008B /* TutoAv.swift */ = {isa = PBXFileReference; lastKnownFileType = sourcecode.swift; path = TutoAv.swift; sourceTree = "<group>"; };
		F1208AF2290A8F3E00B11A13 /* TutoPDetailView.swift */ = {isa = PBXFileReference; lastKnownFileType = sourcecode.swift; path = TutoPDetailView.swift; sourceTree = "<group>"; };
		F13138C22926724B0076D9F9 /* CreditView.swift */ = {isa = PBXFileReference; lastKnownFileType = sourcecode.swift; path = CreditView.swift; sourceTree = "<group>"; };
		F14DA8D928FC56BD0011A411 /* Le Guide.app */ = {isa = PBXFileReference; explicitFileType = wrapper.application; includeInIndex = 0; path = "Le Guide.app"; sourceTree = BUILT_PRODUCTS_DIR; };
		F14DA8DC28FC56BD0011A411 /* Le_GuideApp.swift */ = {isa = PBXFileReference; lastKnownFileType = sourcecode.swift; path = Le_GuideApp.swift; sourceTree = "<group>"; };
		F14DA8DE28FC56BD0011A411 /* ContentView.swift */ = {isa = PBXFileReference; lastKnownFileType = sourcecode.swift; path = ContentView.swift; sourceTree = "<group>"; };
		F14DA8E028FC56BE0011A411 /* Assets.xcassets */ = {isa = PBXFileReference; lastKnownFileType = folder.assetcatalog; path = Assets.xcassets; sourceTree = "<group>"; };
		F14DA8E328FC56BE0011A411 /* Preview Assets.xcassets */ = {isa = PBXFileReference; lastKnownFileType = folder.assetcatalog; path = "Preview Assets.xcassets"; sourceTree = "<group>"; };
		F14DA8EA28FC5E010011A411 /* HomeView.swift */ = {isa = PBXFileReference; lastKnownFileType = sourcecode.swift; path = HomeView.swift; sourceTree = "<group>"; };
		F14DA8EC28FC5E230011A411 /* TutoView.swift */ = {isa = PBXFileReference; lastKnownFileType = sourcecode.swift; path = TutoView.swift; sourceTree = "<group>"; };
		F14DA8EE28FC5E4F0011A411 /* NewsView.swift */ = {isa = PBXFileReference; lastKnownFileType = sourcecode.swift; path = NewsView.swift; sourceTree = "<group>"; };
		F14DA8F028FC62620011A411 /* News.swift */ = {isa = PBXFileReference; lastKnownFileType = sourcecode.swift; path = News.swift; sourceTree = "<group>"; };
		F14DA8F228FC66750011A411 /* NewsDetailView.swift */ = {isa = PBXFileReference; lastKnownFileType = sourcecode.swift; path = NewsDetailView.swift; sourceTree = "<group>"; };
		F1822A442914073400260A8B /* Task.swift */ = {isa = PBXFileReference; lastKnownFileType = sourcecode.swift; path = Task.swift; sourceTree = "<group>"; };
		F1822A4F2914204A00260A8B /* GroupsView.swift */ = {isa = PBXFileReference; lastKnownFileType = sourcecode.swift; path = GroupsView.swift; sourceTree = "<group>"; };
		F18444FC29028AF1008E3324 /* RessourceView.swift */ = {isa = PBXFileReference; lastKnownFileType = sourcecode.swift; path = RessourceView.swift; sourceTree = "<group>"; };
		F1B30ECF290E818600D6E70A /* TutoCSS.swift */ = {isa = PBXFileReference; lastKnownFileType = sourcecode.swift; path = TutoCSS.swift; sourceTree = "<group>"; };
		F1B30ED1290E849900D6E70A /* TutoCSSDetailView.swift */ = {isa = PBXFileReference; lastKnownFileType = sourcecode.swift; path = TutoCSSDetailView.swift; sourceTree = "<group>"; };
		F1B355DB29000910001EC206 /* TutoPhotoshop.swift */ = {isa = PBXFileReference; lastKnownFileType = sourcecode.swift; path = TutoPhotoshop.swift; sourceTree = "<group>"; };
		F1B7AB43292E991300A2820A /* Home.swift */ = {isa = PBXFileReference; fileEncoding = 4; lastKnownFileType = sourcecode.swift; path = Home.swift; sourceTree = "<group>"; };
		F1B7AB44292E991300A2820A /* TaskModelView.swift */ = {isa = PBXFileReference; fileEncoding = 4; lastKnownFileType = sourcecode.swift; path = TaskModelView.swift; sourceTree = "<group>"; };
		F1B7AB6C292ED50500A2820A /* Network.swift */ = {isa = PBXFileReference; lastKnownFileType = sourcecode.swift; path = Network.swift; sourceTree = "<group>"; };
		F1B7AB6E292ED5AD00A2820A /* Edt.swift */ = {isa = PBXFileReference; lastKnownFileType = sourcecode.swift; path = Edt.swift; sourceTree = "<group>"; };
		F1D80237290EEC440013625E /* ContactView.swift */ = {isa = PBXFileReference; lastKnownFileType = sourcecode.swift; path = ContactView.swift; sourceTree = "<group>"; };
/* End PBXFileReference section */

/* Begin PBXFrameworksBuildPhase section */
		F14DA8D628FC56BD0011A411 /* Frameworks */ = {
			isa = PBXFrameworksBuildPhase;
			buildActionMask = 2147483647;
			files = (
			);
			runOnlyForDeploymentPostprocessing = 0;
		};
/* End PBXFrameworksBuildPhase section */

/* Begin PBXGroup section */
		F14DA8D028FC56BD0011A411 = {
			isa = PBXGroup;
			children = (
				F14DA8DB28FC56BD0011A411 /* Le Guide */,
				F14DA8DA28FC56BD0011A411 /* Products */,
			);
			sourceTree = "<group>";
		};
		F14DA8DA28FC56BD0011A411 /* Products */ = {
			isa = PBXGroup;
			children = (
				F14DA8D928FC56BD0011A411 /* Le Guide.app */,
			);
			name = Products;
			sourceTree = "<group>";
		};
		F14DA8DB28FC56BD0011A411 /* Le Guide */ = {
			isa = PBXGroup;
			children = (
				F14DA8DC28FC56BD0011A411 /* Le_GuideApp.swift */,
				F14DA8DE28FC56BD0011A411 /* ContentView.swift */,
				F14DA8EA28FC5E010011A411 /* HomeView.swift */,
				F1B355DD29000917001EC206 /* News */,
				F1B355DE29000925001EC206 /* Tuto */,
				F1822A4E29141F9F00260A8B /* Emplois du temps */,
				F18444FE29028B72008E3324 /* Ressource */,
				F14DA8E028FC56BE0011A411 /* Assets.xcassets */,
				F14DA8E228FC56BE0011A411 /* Preview Content */,
			);
			path = "Le Guide";
			sourceTree = "<group>";
		};
		F14DA8E228FC56BE0011A411 /* Preview Content */ = {
			isa = PBXGroup;
			children = (
				F14DA8E328FC56BE0011A411 /* Preview Assets.xcassets */,
			);
			path = "Preview Content";
			sourceTree = "<group>";
		};
		F1822A43291406F500260A8B /* Model */ = {
			isa = PBXGroup;
			children = (
				F1822A442914073400260A8B /* Task.swift */,
			);
			path = Model;
			sourceTree = "<group>";
		};
		F1822A4E29141F9F00260A8B /* Emplois du temps */ = {
			isa = PBXGroup;
			children = (
				F1822A4F2914204A00260A8B /* GroupsView.swift */,
				F1B7AB43292E991300A2820A /* Home.swift */,
				F1B7AB44292E991300A2820A /* TaskModelView.swift */,
				F1822A43291406F500260A8B /* Model */,
				F1B7AB6C292ED50500A2820A /* Network.swift */,
				F1B7AB6E292ED5AD00A2820A /* Edt.swift */,
			);
			path = "Emplois du temps";
			sourceTree = "<group>";
		};
		F18444FE29028B72008E3324 /* Ressource */ = {
			isa = PBXGroup;
			children = (
				F18444FC29028AF1008E3324 /* RessourceView.swift */,
				F1D80237290EEC440013625E /* ContactView.swift */,
				F13138C22926724B0076D9F9 /* CreditView.swift */,
			);
			path = Ressource;
			sourceTree = "<group>";
		};
		F1B355DD29000917001EC206 /* News */ = {
			isa = PBXGroup;
			children = (
				F14DA8F028FC62620011A411 /* News.swift */,
				F14DA8EE28FC5E4F0011A411 /* NewsView.swift */,
				F14DA8F228FC66750011A411 /* NewsDetailView.swift */,
			);
			path = News;
			sourceTree = "<group>";
		};
		F1B355DE29000925001EC206 /* Tuto */ = {
			isa = PBXGroup;
			children = (
				F1B355DB29000910001EC206 /* TutoPhotoshop.swift */,
				F1B30ECF290E818600D6E70A /* TutoCSS.swift */,
				F14DA8EC28FC5E230011A411 /* TutoView.swift */,
				F1208AF2290A8F3E00B11A13 /* TutoPDetailView.swift */,
				F1B30ED1290E849900D6E70A /* TutoCSSDetailView.swift */,
				F10241AB292E9792000A008B /* TutoAv.swift */,
			);
			path = Tuto;
			sourceTree = "<group>";
		};
/* End PBXGroup section */

/* Begin PBXNativeTarget section */
		F14DA8D828FC56BD0011A411 /* Le Guide */ = {
			isa = PBXNativeTarget;
			buildConfigurationList = F14DA8E728FC56BE0011A411 /* Build configuration list for PBXNativeTarget "Le Guide" */;
			buildPhases = (
				F14DA8D528FC56BD0011A411 /* Sources */,
				F14DA8D628FC56BD0011A411 /* Frameworks */,
				F14DA8D728FC56BD0011A411 /* Resources */,
			);
			buildRules = (
			);
			dependencies = (
			);
			name = "Le Guide";
			productName = "Le Guide";
			productReference = F14DA8D928FC56BD0011A411 /* Le Guide.app */;
			productType = "com.apple.product-type.application";
		};
/* End PBXNativeTarget section */

/* Begin PBXProject section */
		F14DA8D128FC56BD0011A411 /* Project object */ = {
			isa = PBXProject;
			attributes = {
				BuildIndependentTargetsInParallel = 1;
				LastSwiftUpdateCheck = 1400;
				LastUpgradeCheck = 1400;
				TargetAttributes = {
					F14DA8D828FC56BD0011A411 = {
						CreatedOnToolsVersion = 14.0.1;
					};
				};
			};
			buildConfigurationList = F14DA8D428FC56BD0011A411 /* Build configuration list for PBXProject "Le Guide" */;
			compatibilityVersion = "Xcode 14.0";
			developmentRegion = en;
			hasScannedForEncodings = 0;
			knownRegions = (
				en,
				Base,
			);
			mainGroup = F14DA8D028FC56BD0011A411;
			productRefGroup = F14DA8DA28FC56BD0011A411 /* Products */;
			projectDirPath = "";
			projectRoot = "";
			targets = (
				F14DA8D828FC56BD0011A411 /* Le Guide */,
			);
		};
/* End PBXProject section */

/* Begin PBXResourcesBuildPhase section */
		F14DA8D728FC56BD0011A411 /* Resources */ = {
			isa = PBXResourcesBuildPhase;
			buildActionMask = 2147483647;
			files = (
				F14DA8E428FC56BE0011A411 /* Preview Assets.xcassets in Resources */,
				F14DA8E128FC56BE0011A411 /* Assets.xcassets in Resources */,
			);
			runOnlyForDeploymentPostprocessing = 0;
		};
/* End PBXResourcesBuildPhase section */

/* Begin PBXSourcesBuildPhase section */
		F14DA8D528FC56BD0011A411 /* Sources */ = {
			isa = PBXSourcesBuildPhase;
			buildActionMask = 2147483647;
			files = (
				F1822A502914204A00260A8B /* GroupsView.swift in Sources */,
				F1822A452914073400260A8B /* Task.swift in Sources */,
				F1208AF3290A8F3E00B11A13 /* TutoPDetailView.swift in Sources */,
				F14DA8F128FC62620011A411 /* News.swift in Sources */,
				F1B355DC29000910001EC206 /* TutoPhotoshop.swift in Sources */,
				F14DA8ED28FC5E230011A411 /* TutoView.swift in Sources */,
				F1D80238290EEC440013625E /* ContactView.swift in Sources */,
				F13138C32926724B0076D9F9 /* CreditView.swift in Sources */,
				F14DA8EB28FC5E010011A411 /* HomeView.swift in Sources */,
				F14DA8F328FC66750011A411 /* NewsDetailView.swift in Sources */,
				F1B7AB6D292ED50500A2820A /* Network.swift in Sources */,
				F1B7AB46292E991300A2820A /* TaskModelView.swift in Sources */,
				F1B7AB6F292ED5AD00A2820A /* Edt.swift in Sources */,
				F10241AC292E9792000A008B /* TutoAv.swift in Sources */,
				F14DA8DF28FC56BD0011A411 /* ContentView.swift in Sources */,
				F14DA8EF28FC5E4F0011A411 /* NewsView.swift in Sources */,
				F14DA8DD28FC56BD0011A411 /* Le_GuideApp.swift in Sources */,
				F1B30ED2290E849900D6E70A /* TutoCSSDetailView.swift in Sources */,
				F1B30ED0290E818600D6E70A /* TutoCSS.swift in Sources */,
				F1B7AB45292E991300A2820A /* Home.swift in Sources */,
				F18444FD29028AF1008E3324 /* RessourceView.swift in Sources */,
			);
			runOnlyForDeploymentPostprocessing = 0;
		};
/* End PBXSourcesBuildPhase section */

/* Begin XCBuildConfiguration section */
		F14DA8E528FC56BE0011A411 /* Debug */ = {
			isa = XCBuildConfiguration;
			buildSettings = {
				ALWAYS_SEARCH_USER_PATHS = NO;
				CLANG_ANALYZER_NONNULL = YES;
				CLANG_ANALYZER_NUMBER_OBJECT_CONVERSION = YES_AGGRESSIVE;
				CLANG_CXX_LANGUAGE_STANDARD = "gnu++20";
				CLANG_ENABLE_MODULES = YES;
				CLANG_ENABLE_OBJC_ARC = YES;
				CLANG_ENABLE_OBJC_WEAK = YES;
				CLANG_WARN_BLOCK_CAPTURE_AUTORELEASING = YES;
				CLANG_WARN_BOOL_CONVERSION = YES;
				CLANG_WARN_COMMA = YES;
				CLANG_WARN_CONSTANT_CONVERSION = YES;
				CLANG_WARN_DEPRECATED_OBJC_IMPLEMENTATIONS = YES;
				CLANG_WARN_DIRECT_OBJC_ISA_USAGE = YES_ERROR;
				CLANG_WARN_DOCUMENTATION_COMMENTS = YES;
				CLANG_WARN_EMPTY_BODY = YES;
				CLANG_WARN_ENUM_CONVERSION = YES;
				CLANG_WARN_INFINITE_RECURSION = YES;
				CLANG_WARN_INT_CONVERSION = YES;
				CLANG_WARN_NON_LITERAL_NULL_CONVERSION = YES;
				CLANG_WARN_OBJC_IMPLICIT_RETAIN_SELF = YES;
				CLANG_WARN_OBJC_LITERAL_CONVERSION = YES;
				CLANG_WARN_OBJC_ROOT_CLASS = YES_ERROR;
				CLANG_WARN_QUOTED_INCLUDE_IN_FRAMEWORK_HEADER = YES;
				CLANG_WARN_RANGE_LOOP_ANALYSIS = YES;
				CLANG_WARN_STRICT_PROTOTYPES = YES;
				CLANG_WARN_SUSPICIOUS_MOVE = YES;
				CLANG_WARN_UNGUARDED_AVAILABILITY = YES_AGGRESSIVE;
				CLANG_WARN_UNREACHABLE_CODE = YES;
				CLANG_WARN__DUPLICATE_METHOD_MATCH = YES;
				COPY_PHASE_STRIP = NO;
				DEBUG_INFORMATION_FORMAT = dwarf;
				ENABLE_STRICT_OBJC_MSGSEND = YES;
				ENABLE_TESTABILITY = YES;
				GCC_C_LANGUAGE_STANDARD = gnu11;
				GCC_DYNAMIC_NO_PIC = NO;
				GCC_NO_COMMON_BLOCKS = YES;
				GCC_OPTIMIZATION_LEVEL = 0;
				GCC_PREPROCESSOR_DEFINITIONS = (
					"DEBUG=1",
					"$(inherited)",
				);
				GCC_WARN_64_TO_32_BIT_CONVERSION = YES;
				GCC_WARN_ABOUT_RETURN_TYPE = YES_ERROR;
				GCC_WARN_UNDECLARED_SELECTOR = YES;
				GCC_WARN_UNINITIALIZED_AUTOS = YES_AGGRESSIVE;
				GCC_WARN_UNUSED_FUNCTION = YES;
				GCC_WARN_UNUSED_VARIABLE = YES;
				IPHONEOS_DEPLOYMENT_TARGET = 16.0;
				MTL_ENABLE_DEBUG_INFO = INCLUDE_SOURCE;
				MTL_FAST_MATH = YES;
				NEW_SETTING = "";
				ONLY_ACTIVE_ARCH = YES;
				SDKROOT = iphoneos;
				SWIFT_ACTIVE_COMPILATION_CONDITIONS = DEBUG;
				SWIFT_OPTIMIZATION_LEVEL = "-Onone";
			};
			name = Debug;
		};
		F14DA8E628FC56BE0011A411 /* Release */ = {
			isa = XCBuildConfiguration;
			buildSettings = {
				ALWAYS_SEARCH_USER_PATHS = NO;
				CLANG_ANALYZER_NONNULL = YES;
				CLANG_ANALYZER_NUMBER_OBJECT_CONVERSION = YES_AGGRESSIVE;
				CLANG_CXX_LANGUAGE_STANDARD = "gnu++20";
				CLANG_ENABLE_MODULES = YES;
				CLANG_ENABLE_OBJC_ARC = YES;
				CLANG_ENABLE_OBJC_WEAK = YES;
				CLANG_WARN_BLOCK_CAPTURE_AUTORELEASING = YES;
				CLANG_WARN_BOOL_CONVERSION = YES;
				CLANG_WARN_COMMA = YES;
				CLANG_WARN_CONSTANT_CONVERSION = YES;
				CLANG_WARN_DEPRECATED_OBJC_IMPLEMENTATIONS = YES;
				CLANG_WARN_DIRECT_OBJC_ISA_USAGE = YES_ERROR;
				CLANG_WARN_DOCUMENTATION_COMMENTS = YES;
				CLANG_WARN_EMPTY_BODY = YES;
				CLANG_WARN_ENUM_CONVERSION = YES;
				CLANG_WARN_INFINITE_RECURSION = YES;
				CLANG_WARN_INT_CONVERSION = YES;
				CLANG_WARN_NON_LITERAL_NULL_CONVERSION = YES;
				CLANG_WARN_OBJC_IMPLICIT_RETAIN_SELF = YES;
				CLANG_WARN_OBJC_LITERAL_CONVERSION = YES;
				CLANG_WARN_OBJC_ROOT_CLASS = YES_ERROR;
				CLANG_WARN_QUOTED_INCLUDE_IN_FRAMEWORK_HEADER = YES;
				CLANG_WARN_RANGE_LOOP_ANALYSIS = YES;
				CLANG_WARN_STRICT_PROTOTYPES = YES;
				CLANG_WARN_SUSPICIOUS_MOVE = YES;
				CLANG_WARN_UNGUARDED_AVAILABILITY = YES_AGGRESSIVE;
				CLANG_WARN_UNREACHABLE_CODE = YES;
				CLANG_WARN__DUPLICATE_METHOD_MATCH = YES;
				COPY_PHASE_STRIP = NO;
				DEBUG_INFORMATION_FORMAT = "dwarf-with-dsym";
				ENABLE_NS_ASSERTIONS = NO;
				ENABLE_STRICT_OBJC_MSGSEND = YES;
				GCC_C_LANGUAGE_STANDARD = gnu11;
				GCC_NO_COMMON_BLOCKS = YES;
				GCC_WARN_64_TO_32_BIT_CONVERSION = YES;
				GCC_WARN_ABOUT_RETURN_TYPE = YES_ERROR;
				GCC_WARN_UNDECLARED_SELECTOR = YES;
				GCC_WARN_UNINITIALIZED_AUTOS = YES_AGGRESSIVE;
				GCC_WARN_UNUSED_FUNCTION = YES;
				GCC_WARN_UNUSED_VARIABLE = YES;
				IPHONEOS_DEPLOYMENT_TARGET = 16.0;
				MTL_ENABLE_DEBUG_INFO = NO;
				MTL_FAST_MATH = YES;
				NEW_SETTING = "";
				SDKROOT = iphoneos;
				SWIFT_COMPILATION_MODE = wholemodule;
				SWIFT_OPTIMIZATION_LEVEL = "-O";
				VALIDATE_PRODUCT = YES;
			};
			name = Release;
		};
		F14DA8E828FC56BE0011A411 /* Debug */ = {
			isa = XCBuildConfiguration;
			buildSettings = {
				ASSETCATALOG_COMPILER_APPICON_NAME = AppIcon;
				ASSETCATALOG_COMPILER_GLOBAL_ACCENT_COLOR_NAME = AccentColor;
				ASSETCATALOG_COMPILER_INCLUDE_ALL_APPICON_ASSETS = NO;
				CODE_SIGN_STYLE = Automatic;
				CURRENT_PROJECT_VERSION = 1;
				DEVELOPMENT_ASSET_PATHS = "\"Le Guide/Preview Content\"";
				DEVELOPMENT_TEAM = 65V3X2DV79;
				ENABLE_PREVIEWS = YES;
				GENERATE_INFOPLIST_FILE = YES;
				INFOPLIST_KEY_LSApplicationCategoryType = "public.app-category.education";
				INFOPLIST_KEY_UIApplicationSceneManifest_Generation = YES;
				INFOPLIST_KEY_UIApplicationSupportsIndirectInputEvents = YES;
				INFOPLIST_KEY_UILaunchScreen_Generation = YES;
				INFOPLIST_KEY_UIStatusBarStyle = "";
				INFOPLIST_KEY_UISupportedInterfaceOrientations = UIInterfaceOrientationPortrait;
				INFOPLIST_KEY_UISupportedInterfaceOrientations_iPad = "UIInterfaceOrientationLandscapeLeft UIInterfaceOrientationLandscapeRight UIInterfaceOrientationPortrait UIInterfaceOrientationPortraitUpsideDown";
				IPHONEOS_DEPLOYMENT_TARGET = 15.3;
				LD_RUNPATH_SEARCH_PATHS = (
					"$(inherited)",
					"@executable_path/Frameworks",
				);
				MARKETING_VERSION = 7.0;
				PRODUCT_BUNDLE_IDENTIFIER = "Tiago.Le-Guide";
				PRODUCT_NAME = "$(TARGET_NAME)";
				SUPPORTED_PLATFORMS = "iphoneos iphonesimulator";
				SUPPORTS_MACCATALYST = NO;
				SUPPORTS_MAC_DESIGNED_FOR_IPHONE_IPAD = NO;
				SWIFT_EMIT_LOC_STRINGS = YES;
				SWIFT_VERSION = 5.0;
				TARGETED_DEVICE_FAMILY = "1,2";
			};
			name = Debug;
		};
		F14DA8E928FC56BE0011A411 /* Release */ = {
			isa = XCBuildConfiguration;
			buildSettings = {
				ASSETCATALOG_COMPILER_APPICON_NAME = AppIcon;
				ASSETCATALOG_COMPILER_GLOBAL_ACCENT_COLOR_NAME = AccentColor;
				ASSETCATALOG_COMPILER_INCLUDE_ALL_APPICON_ASSETS = NO;
				CODE_SIGN_STYLE = Automatic;
				CURRENT_PROJECT_VERSION = 1;
				DEVELOPMENT_ASSET_PATHS = "\"Le Guide/Preview Content\"";
				DEVELOPMENT_TEAM = 65V3X2DV79;
				ENABLE_PREVIEWS = YES;
				GENERATE_INFOPLIST_FILE = YES;
				INFOPLIST_KEY_LSApplicationCategoryType = "public.app-category.education";
				INFOPLIST_KEY_UIApplicationSceneManifest_Generation = YES;
				INFOPLIST_KEY_UIApplicationSupportsIndirectInputEvents = YES;
				INFOPLIST_KEY_UILaunchScreen_Generation = YES;
				INFOPLIST_KEY_UIStatusBarStyle = "";
				INFOPLIST_KEY_UISupportedInterfaceOrientations = UIInterfaceOrientationPortrait;
				INFOPLIST_KEY_UISupportedInterfaceOrientations_iPad = "UIInterfaceOrientationLandscapeLeft UIInterfaceOrientationLandscapeRight UIInterfaceOrientationPortrait UIInterfaceOrientationPortraitUpsideDown";
				IPHONEOS_DEPLOYMENT_TARGET = 15.3;
				LD_RUNPATH_SEARCH_PATHS = (
					"$(inherited)",
					"@executable_path/Frameworks",
				);
				MARKETING_VERSION = 7.0;
				PRODUCT_BUNDLE_IDENTIFIER = "Tiago.Le-Guide";
				PRODUCT_NAME = "$(TARGET_NAME)";
				SUPPORTED_PLATFORMS = "iphoneos iphonesimulator";
				SUPPORTS_MACCATALYST = NO;
				SUPPORTS_MAC_DESIGNED_FOR_IPHONE_IPAD = NO;
				SWIFT_EMIT_LOC_STRINGS = YES;
				SWIFT_VERSION = 5.0;
				TARGETED_DEVICE_FAMILY = "1,2";
			};
			name = Release;
		};
/* End XCBuildConfiguration section */

/* Begin XCConfigurationList section */
		F14DA8D428FC56BD0011A411 /* Build configuration list for PBXProject "Le Guide" */ = {
			isa = XCConfigurationList;
			buildConfigurations = (
				F14DA8E528FC56BE0011A411 /* Debug */,
				F14DA8E628FC56BE0011A411 /* Release */,
			);
			defaultConfigurationIsVisible = 0;
			defaultConfigurationName = Release;
		};
		F14DA8E728FC56BE0011A411 /* Build configuration list for PBXNativeTarget "Le Guide" */ = {
			isa = XCConfigurationList;
			buildConfigurations = (
				F14DA8E828FC56BE0011A411 /* Debug */,
				F14DA8E928FC56BE0011A411 /* Release */,
			);
			defaultConfigurationIsVisible = 0;
			defaultConfigurationName = Release;
		};
/* End XCConfigurationList section */
	};
	rootObject = F14DA8D128FC56BD0011A411 /* Project object */;
}
